// !$*UTF8*$!
{
	archiveVersion = 1;
	classes = {
	};
	objectVersion = 51;
	objects = {

/* Begin PBXBuildFile section */
		3603F203246BC65800809B95 /* AppDelegate.swift in Sources */ = {isa = PBXBuildFile; fileRef = 3603F202246BC65800809B95 /* AppDelegate.swift */; };
		3603F205246BC65800809B95 /* SceneDelegate.swift in Sources */ = {isa = PBXBuildFile; fileRef = 3603F204246BC65800809B95 /* SceneDelegate.swift */; };
		3603F20C246BC65A00809B95 /* Assets.xcassets in Resources */ = {isa = PBXBuildFile; fileRef = 3603F20B246BC65A00809B95 /* Assets.xcassets */; };
		3603F20F246BC65A00809B95 /* LaunchScreen.storyboard in Resources */ = {isa = PBXBuildFile; fileRef = 3603F20D246BC65A00809B95 /* LaunchScreen.storyboard */; };
		3603F21A246BC65A00809B95 /* DotaHeroesTests.swift in Sources */ = {isa = PBXBuildFile; fileRef = 3603F219246BC65A00809B95 /* DotaHeroesTests.swift */; };
		3603F22A246BC6F400809B95 /* HomeViewController.swift in Sources */ = {isa = PBXBuildFile; fileRef = 3603F228246BC6F400809B95 /* HomeViewController.swift */; };
		3603F231246BC7BF00809B95 /* HomeViewModel.swift in Sources */ = {isa = PBXBuildFile; fileRef = 3603F230246BC7BF00809B95 /* HomeViewModel.swift */; };
		3603F234246BC9C900809B95 /* DataSource.swift in Sources */ = {isa = PBXBuildFile; fileRef = 3603F233246BC9C900809B95 /* DataSource.swift */; };
		3641BBF1246BD1F700E20D24 /* OpenDotaProvider.swift in Sources */ = {isa = PBXBuildFile; fileRef = 3641BBF0246BD1F700E20D24 /* OpenDotaProvider.swift */; };
		3641BBF5246C056100E20D24 /* Hero.swift in Sources */ = {isa = PBXBuildFile; fileRef = 3641BBF4246C056100E20D24 /* Hero.swift */; };
		3641BBF9246C1A6500E20D24 /* HeroesCollectionView.swift in Sources */ = {isa = PBXBuildFile; fileRef = 3641BBF7246C1A6500E20D24 /* HeroesCollectionView.swift */; };
		3641BBFC246C1BA400E20D24 /* HomeViewController.storyboard in Resources */ = {isa = PBXBuildFile; fileRef = 3641BBFB246C1BA400E20D24 /* HomeViewController.storyboard */; };
		3641BBFE246C1CCA00E20D24 /* HeroesCollectionViewModel.swift in Sources */ = {isa = PBXBuildFile; fileRef = 3641BBFD246C1CCA00E20D24 /* HeroesCollectionViewModel.swift */; };
		3641BC03246C27E500E20D24 /* FilterItemCell.swift in Sources */ = {isa = PBXBuildFile; fileRef = 3641BC01246C27E500E20D24 /* FilterItemCell.swift */; };
		3641BC04246C27E500E20D24 /* FilterItemCell.xib in Resources */ = {isa = PBXBuildFile; fileRef = 3641BC02246C27E500E20D24 /* FilterItemCell.xib */; };
		3641BC06246C2A6600E20D24 /* FilterItemCellModel.swift in Sources */ = {isa = PBXBuildFile; fileRef = 3641BC05246C2A6600E20D24 /* FilterItemCellModel.swift */; };
		3641BC0A246C369A00E20D24 /* HeroesCollectionViewCell.swift in Sources */ = {isa = PBXBuildFile; fileRef = 3641BC08246C369A00E20D24 /* HeroesCollectionViewCell.swift */; };
		3641BC0B246C369A00E20D24 /* HeroesCollectionViewCell.xib in Resources */ = {isa = PBXBuildFile; fileRef = 3641BC09246C369A00E20D24 /* HeroesCollectionViewCell.xib */; };
		3641BC0E246C466E00E20D24 /* UIView+Extensions.swift in Sources */ = {isa = PBXBuildFile; fileRef = 3641BC0D246C466E00E20D24 /* UIView+Extensions.swift */; };
		3641BC10246C4EE700E20D24 /* HeroesCollectionViewCellModel.swift in Sources */ = {isa = PBXBuildFile; fileRef = 3641BC0F246C4EE700E20D24 /* HeroesCollectionViewCellModel.swift */; };
		3641BC13246CEC7900E20D24 /* DetailViewController.storyboard in Resources */ = {isa = PBXBuildFile; fileRef = 3641BC12246CEC7900E20D24 /* DetailViewController.storyboard */; };
		3641BC15246CEC8700E20D24 /* DetailViewController.swift in Sources */ = {isa = PBXBuildFile; fileRef = 3641BC14246CEC8700E20D24 /* DetailViewController.swift */; };
		3641BC17246D08E700E20D24 /* DetailViewBuilder.swift in Sources */ = {isa = PBXBuildFile; fileRef = 3641BC16246D08E600E20D24 /* DetailViewBuilder.swift */; };
		3641BC19246D0F8E00E20D24 /* DetailViewModel.swift in Sources */ = {isa = PBXBuildFile; fileRef = 3641BC18246D0F8E00E20D24 /* DetailViewModel.swift */; };
		3641BC1C246D22A900E20D24 /* RealmInstance.swift in Sources */ = {isa = PBXBuildFile; fileRef = 3641BC1B246D22A900E20D24 /* RealmInstance.swift */; };
		3641BC1E246D23D200E20D24 /* HeroStatsRealmModel.swift in Sources */ = {isa = PBXBuildFile; fileRef = 3641BC1D246D23D200E20D24 /* HeroStatsRealmModel.swift */; };
		3641BC21246D242800E20D24 /* HeroRealmModel.swift in Sources */ = {isa = PBXBuildFile; fileRef = 3641BC20246D242800E20D24 /* HeroRealmModel.swift */; };
		3A48F81F4689552BF7B41DC4 /* Pods_DotaHeroesTests.framework in Frameworks */ = {isa = PBXBuildFile; fileRef = 9F803F39A1DEB04A17C3DD0C /* Pods_DotaHeroesTests.framework */; };
		590A79044BE89A7A9D07BF43 /* Pods_DotaHeroes.framework in Frameworks */ = {isa = PBXBuildFile; fileRef = C83C08F127DA54BF98FC0A59 /* Pods_DotaHeroes.framework */; };
/* End PBXBuildFile section */

/* Begin PBXContainerItemProxy section */
		3603F216246BC65A00809B95 /* PBXContainerItemProxy */ = {
			isa = PBXContainerItemProxy;
			containerPortal = 3603F1F7246BC65800809B95 /* Project object */;
			proxyType = 1;
			remoteGlobalIDString = 3603F1FE246BC65800809B95;
			remoteInfo = DotaHeroes;
		};
/* End PBXContainerItemProxy section */

/* Begin PBXFileReference section */
		3603F1FF246BC65800809B95 /* DotaHeroes.app */ = {isa = PBXFileReference; explicitFileType = wrapper.application; includeInIndex = 0; path = DotaHeroes.app; sourceTree = BUILT_PRODUCTS_DIR; };
		3603F202246BC65800809B95 /* AppDelegate.swift */ = {isa = PBXFileReference; lastKnownFileType = sourcecode.swift; path = AppDelegate.swift; sourceTree = "<group>"; };
		3603F204246BC65800809B95 /* SceneDelegate.swift */ = {isa = PBXFileReference; lastKnownFileType = sourcecode.swift; path = SceneDelegate.swift; sourceTree = "<group>"; };
		3603F20B246BC65A00809B95 /* Assets.xcassets */ = {isa = PBXFileReference; lastKnownFileType = folder.assetcatalog; path = Assets.xcassets; sourceTree = "<group>"; };
		3603F20E246BC65A00809B95 /* Base */ = {isa = PBXFileReference; lastKnownFileType = file.storyboard; name = Base; path = Base.lproj/LaunchScreen.storyboard; sourceTree = "<group>"; };
		3603F210246BC65A00809B95 /* Info.plist */ = {isa = PBXFileReference; lastKnownFileType = text.plist.xml; path = Info.plist; sourceTree = "<group>"; };
		3603F215246BC65A00809B95 /* DotaHeroesTests.xctest */ = {isa = PBXFileReference; explicitFileType = wrapper.cfbundle; includeInIndex = 0; path = DotaHeroesTests.xctest; sourceTree = BUILT_PRODUCTS_DIR; };
		3603F219246BC65A00809B95 /* DotaHeroesTests.swift */ = {isa = PBXFileReference; lastKnownFileType = sourcecode.swift; path = DotaHeroesTests.swift; sourceTree = "<group>"; };
		3603F21B246BC65A00809B95 /* Info.plist */ = {isa = PBXFileReference; lastKnownFileType = text.plist.xml; path = Info.plist; sourceTree = "<group>"; };
		3603F228246BC6F400809B95 /* HomeViewController.swift */ = {isa = PBXFileReference; lastKnownFileType = sourcecode.swift; path = HomeViewController.swift; sourceTree = "<group>"; };
		3603F230246BC7BF00809B95 /* HomeViewModel.swift */ = {isa = PBXFileReference; lastKnownFileType = sourcecode.swift; path = HomeViewModel.swift; sourceTree = "<group>"; };
		3603F233246BC9C900809B95 /* DataSource.swift */ = {isa = PBXFileReference; lastKnownFileType = sourcecode.swift; path = DataSource.swift; sourceTree = "<group>"; };
		3641BBF0246BD1F700E20D24 /* OpenDotaProvider.swift */ = {isa = PBXFileReference; lastKnownFileType = sourcecode.swift; path = OpenDotaProvider.swift; sourceTree = "<group>"; };
		3641BBF4246C056100E20D24 /* Hero.swift */ = {isa = PBXFileReference; lastKnownFileType = sourcecode.swift; path = Hero.swift; sourceTree = "<group>"; };
		3641BBF7246C1A6500E20D24 /* HeroesCollectionView.swift */ = {isa = PBXFileReference; lastKnownFileType = sourcecode.swift; path = HeroesCollectionView.swift; sourceTree = "<group>"; };
		3641BBFB246C1BA400E20D24 /* HomeViewController.storyboard */ = {isa = PBXFileReference; lastKnownFileType = file.storyboard; path = HomeViewController.storyboard; sourceTree = "<group>"; };
		3641BBFD246C1CCA00E20D24 /* HeroesCollectionViewModel.swift */ = {isa = PBXFileReference; lastKnownFileType = sourcecode.swift; path = HeroesCollectionViewModel.swift; sourceTree = "<group>"; };
		3641BC01246C27E500E20D24 /* FilterItemCell.swift */ = {isa = PBXFileReference; lastKnownFileType = sourcecode.swift; path = FilterItemCell.swift; sourceTree = "<group>"; };
		3641BC02246C27E500E20D24 /* FilterItemCell.xib */ = {isa = PBXFileReference; lastKnownFileType = file.xib; path = FilterItemCell.xib; sourceTree = "<group>"; };
		3641BC05246C2A6600E20D24 /* FilterItemCellModel.swift */ = {isa = PBXFileReference; lastKnownFileType = sourcecode.swift; path = FilterItemCellModel.swift; sourceTree = "<group>"; };
		3641BC08246C369A00E20D24 /* HeroesCollectionViewCell.swift */ = {isa = PBXFileReference; lastKnownFileType = sourcecode.swift; path = HeroesCollectionViewCell.swift; sourceTree = "<group>"; };
		3641BC09246C369A00E20D24 /* HeroesCollectionViewCell.xib */ = {isa = PBXFileReference; lastKnownFileType = file.xib; path = HeroesCollectionViewCell.xib; sourceTree = "<group>"; };
		3641BC0D246C466E00E20D24 /* UIView+Extensions.swift */ = {isa = PBXFileReference; lastKnownFileType = sourcecode.swift; path = "UIView+Extensions.swift"; sourceTree = "<group>"; };
		3641BC0F246C4EE700E20D24 /* HeroesCollectionViewCellModel.swift */ = {isa = PBXFileReference; lastKnownFileType = sourcecode.swift; path = HeroesCollectionViewCellModel.swift; sourceTree = "<group>"; };
		3641BC12246CEC7900E20D24 /* DetailViewController.storyboard */ = {isa = PBXFileReference; lastKnownFileType = file.storyboard; path = DetailViewController.storyboard; sourceTree = "<group>"; };
		3641BC14246CEC8700E20D24 /* DetailViewController.swift */ = {isa = PBXFileReference; lastKnownFileType = sourcecode.swift; path = DetailViewController.swift; sourceTree = "<group>"; };
		3641BC16246D08E600E20D24 /* DetailViewBuilder.swift */ = {isa = PBXFileReference; lastKnownFileType = sourcecode.swift; path = DetailViewBuilder.swift; sourceTree = "<group>"; };
		3641BC18246D0F8E00E20D24 /* DetailViewModel.swift */ = {isa = PBXFileReference; lastKnownFileType = sourcecode.swift; path = DetailViewModel.swift; sourceTree = "<group>"; };
		3641BC1B246D22A900E20D24 /* RealmInstance.swift */ = {isa = PBXFileReference; lastKnownFileType = sourcecode.swift; path = RealmInstance.swift; sourceTree = "<group>"; };
		3641BC1D246D23D200E20D24 /* HeroStatsRealmModel.swift */ = {isa = PBXFileReference; lastKnownFileType = sourcecode.swift; path = HeroStatsRealmModel.swift; sourceTree = "<group>"; };
		3641BC20246D242800E20D24 /* HeroRealmModel.swift */ = {isa = PBXFileReference; lastKnownFileType = sourcecode.swift; path = HeroRealmModel.swift; sourceTree = "<group>"; };
		3B9C674A8990B5F484F39F50 /* Pods-DotaHeroes.debug.xcconfig */ = {isa = PBXFileReference; includeInIndex = 1; lastKnownFileType = text.xcconfig; name = "Pods-DotaHeroes.debug.xcconfig"; path = "Target Support Files/Pods-DotaHeroes/Pods-DotaHeroes.debug.xcconfig"; sourceTree = "<group>"; };
		44CA5D2C8E7E50CBF32340BC /* Pods-DotaHeroes.release.xcconfig */ = {isa = PBXFileReference; includeInIndex = 1; lastKnownFileType = text.xcconfig; name = "Pods-DotaHeroes.release.xcconfig"; path = "Target Support Files/Pods-DotaHeroes/Pods-DotaHeroes.release.xcconfig"; sourceTree = "<group>"; };
		9DEEC2330CF3E752B5D8BD23 /* Pods-DotaHeroesTests.release.xcconfig */ = {isa = PBXFileReference; includeInIndex = 1; lastKnownFileType = text.xcconfig; name = "Pods-DotaHeroesTests.release.xcconfig"; path = "Target Support Files/Pods-DotaHeroesTests/Pods-DotaHeroesTests.release.xcconfig"; sourceTree = "<group>"; };
		9F803F39A1DEB04A17C3DD0C /* Pods_DotaHeroesTests.framework */ = {isa = PBXFileReference; explicitFileType = wrapper.framework; includeInIndex = 0; path = Pods_DotaHeroesTests.framework; sourceTree = BUILT_PRODUCTS_DIR; };
		C83C08F127DA54BF98FC0A59 /* Pods_DotaHeroes.framework */ = {isa = PBXFileReference; explicitFileType = wrapper.framework; includeInIndex = 0; path = Pods_DotaHeroes.framework; sourceTree = BUILT_PRODUCTS_DIR; };
		F631B31F8A99FC14903D53BD /* Pods-DotaHeroesTests.debug.xcconfig */ = {isa = PBXFileReference; includeInIndex = 1; lastKnownFileType = text.xcconfig; name = "Pods-DotaHeroesTests.debug.xcconfig"; path = "Target Support Files/Pods-DotaHeroesTests/Pods-DotaHeroesTests.debug.xcconfig"; sourceTree = "<group>"; };
/* End PBXFileReference section */

/* Begin PBXFrameworksBuildPhase section */
		3603F1FC246BC65800809B95 /* Frameworks */ = {
			isa = PBXFrameworksBuildPhase;
			buildActionMask = 2147483647;
			files = (
				590A79044BE89A7A9D07BF43 /* Pods_DotaHeroes.framework in Frameworks */,
			);
			runOnlyForDeploymentPostprocessing = 0;
		};
		3603F212246BC65A00809B95 /* Frameworks */ = {
			isa = PBXFrameworksBuildPhase;
			buildActionMask = 2147483647;
			files = (
				3A48F81F4689552BF7B41DC4 /* Pods_DotaHeroesTests.framework in Frameworks */,
			);
			runOnlyForDeploymentPostprocessing = 0;
		};
/* End PBXFrameworksBuildPhase section */

/* Begin PBXGroup section */
		0CB2ACB090AF783440AFD154 /* Pods */ = {
			isa = PBXGroup;
			children = (
				3B9C674A8990B5F484F39F50 /* Pods-DotaHeroes.debug.xcconfig */,
				44CA5D2C8E7E50CBF32340BC /* Pods-DotaHeroes.release.xcconfig */,
				F631B31F8A99FC14903D53BD /* Pods-DotaHeroesTests.debug.xcconfig */,
				9DEEC2330CF3E752B5D8BD23 /* Pods-DotaHeroesTests.release.xcconfig */,
			);
			path = Pods;
			sourceTree = "<group>";
		};
		3603F1F6246BC65800809B95 = {
			isa = PBXGroup;
			children = (
				3603F201246BC65800809B95 /* DotaHeroes */,
				3603F218246BC65A00809B95 /* DotaHeroesTests */,
				3603F200246BC65800809B95 /* Products */,
				0CB2ACB090AF783440AFD154 /* Pods */,
				556B85728A72F8672BFB99D7 /* Frameworks */,
			);
			sourceTree = "<group>";
		};
		3603F200246BC65800809B95 /* Products */ = {
			isa = PBXGroup;
			children = (
				3603F1FF246BC65800809B95 /* DotaHeroes.app */,
				3603F215246BC65A00809B95 /* DotaHeroesTests.xctest */,
			);
			name = Products;
			sourceTree = "<group>";
		};
		3603F201246BC65800809B95 /* DotaHeroes */ = {
			isa = PBXGroup;
			children = (
				3641BC0C246C465B00E20D24 /* Extensions */,
				3603F225246BC69000809B95 /* Modules */,
				3603F235246BCFD800809B95 /* DataSource */,
				3603F202246BC65800809B95 /* AppDelegate.swift */,
				3603F204246BC65800809B95 /* SceneDelegate.swift */,
				3603F20B246BC65A00809B95 /* Assets.xcassets */,
				3603F20D246BC65A00809B95 /* LaunchScreen.storyboard */,
				3603F210246BC65A00809B95 /* Info.plist */,
			);
			path = DotaHeroes;
			sourceTree = "<group>";
		};
		3603F218246BC65A00809B95 /* DotaHeroesTests */ = {
			isa = PBXGroup;
			children = (
				3603F219246BC65A00809B95 /* DotaHeroesTests.swift */,
				3603F21B246BC65A00809B95 /* Info.plist */,
			);
			path = DotaHeroesTests;
			sourceTree = "<group>";
		};
		3603F225246BC69000809B95 /* Modules */ = {
			isa = PBXGroup;
			children = (
				3641BC11246CEC5600E20D24 /* DetailViewController */,
				3603F227246BC69E00809B95 /* HomeViewController */,
			);
			path = Modules;
			sourceTree = "<group>";
		};
		3603F226246BC69500809B95 /* Models */ = {
			isa = PBXGroup;
			children = (
				3641BC1F246D240700E20D24 /* RealmModel */,
				3641BBF4246C056100E20D24 /* Hero.swift */,
			);
			path = Models;
			sourceTree = "<group>";
		};
		3603F227246BC69E00809B95 /* HomeViewController */ = {
			isa = PBXGroup;
			children = (
				3641BBFF246C26ED00E20D24 /* Views */,
				3641BBFB246C1BA400E20D24 /* HomeViewController.storyboard */,
				3603F228246BC6F400809B95 /* HomeViewController.swift */,
				3603F230246BC7BF00809B95 /* HomeViewModel.swift */,
			);
			path = HomeViewController;
			sourceTree = "<group>";
		};
		3603F235246BCFD800809B95 /* DataSource */ = {
			isa = PBXGroup;
			children = (
				3641BC1A246D229E00E20D24 /* Common */,
				3641BBEF246BD1DB00E20D24 /* Providers */,
				3603F226246BC69500809B95 /* Models */,
				3603F233246BC9C900809B95 /* DataSource.swift */,
			);
			path = DataSource;
			sourceTree = "<group>";
		};
		3641BBEF246BD1DB00E20D24 /* Providers */ = {
			isa = PBXGroup;
			children = (
				3641BBF0246BD1F700E20D24 /* OpenDotaProvider.swift */,
			);
			path = Providers;
			sourceTree = "<group>";
		};
		3641BBF6246C10CF00E20D24 /* HeroesCollectionView */ = {
			isa = PBXGroup;
			children = (
				3641BBF7246C1A6500E20D24 /* HeroesCollectionView.swift */,
				3641BBFD246C1CCA00E20D24 /* HeroesCollectionViewModel.swift */,
			);
			path = HeroesCollectionView;
			sourceTree = "<group>";
		};
		3641BBFF246C26ED00E20D24 /* Views */ = {
			isa = PBXGroup;
			children = (
				3641BC00246C277700E20D24 /* FilterItemCell */,
				3641BBF6246C10CF00E20D24 /* HeroesCollectionView */,
				3641BC07246C364B00E20D24 /* HeroesCollectionViewCell */,
			);
			path = Views;
			sourceTree = "<group>";
		};
		3641BC00246C277700E20D24 /* FilterItemCell */ = {
			isa = PBXGroup;
			children = (
				3641BC01246C27E500E20D24 /* FilterItemCell.swift */,
				3641BC02246C27E500E20D24 /* FilterItemCell.xib */,
				3641BC05246C2A6600E20D24 /* FilterItemCellModel.swift */,
			);
			path = FilterItemCell;
			sourceTree = "<group>";
		};
		3641BC07246C364B00E20D24 /* HeroesCollectionViewCell */ = {
			isa = PBXGroup;
			children = (
				3641BC08246C369A00E20D24 /* HeroesCollectionViewCell.swift */,
				3641BC09246C369A00E20D24 /* HeroesCollectionViewCell.xib */,
				3641BC0F246C4EE700E20D24 /* HeroesCollectionViewCellModel.swift */,
			);
			path = HeroesCollectionViewCell;
			sourceTree = "<group>";
		};
		3641BC0C246C465B00E20D24 /* Extensions */ = {
			isa = PBXGroup;
			children = (
				3641BC0D246C466E00E20D24 /* UIView+Extensions.swift */,
			);
			path = Extensions;
			sourceTree = "<group>";
		};
		3641BC11246CEC5600E20D24 /* DetailViewController */ = {
			isa = PBXGroup;
			children = (
				3641BC12246CEC7900E20D24 /* DetailViewController.storyboard */,
				3641BC14246CEC8700E20D24 /* DetailViewController.swift */,
				3641BC18246D0F8E00E20D24 /* DetailViewModel.swift */,
				3641BC16246D08E600E20D24 /* DetailViewBuilder.swift */,
			);
			path = DetailViewController;
			sourceTree = "<group>";
		};
		3641BC1A246D229E00E20D24 /* Common */ = {
			isa = PBXGroup;
			children = (
				3641BC1B246D22A900E20D24 /* RealmInstance.swift */,
			);
			path = Common;
			sourceTree = "<group>";
		};
		3641BC1F246D240700E20D24 /* RealmModel */ = {
			isa = PBXGroup;
			children = (
				3641BC1D246D23D200E20D24 /* HeroStatsRealmModel.swift */,
				3641BC20246D242800E20D24 /* HeroRealmModel.swift */,
			);
			path = RealmModel;
			sourceTree = "<group>";
		};
		556B85728A72F8672BFB99D7 /* Frameworks */ = {
			isa = PBXGroup;
			children = (
				C83C08F127DA54BF98FC0A59 /* Pods_DotaHeroes.framework */,
				9F803F39A1DEB04A17C3DD0C /* Pods_DotaHeroesTests.framework */,
			);
			name = Frameworks;
			sourceTree = "<group>";
		};
/* End PBXGroup section */

/* Begin PBXNativeTarget section */
		3603F1FE246BC65800809B95 /* DotaHeroes */ = {
			isa = PBXNativeTarget;
			buildConfigurationList = 3603F21E246BC65A00809B95 /* Build configuration list for PBXNativeTarget "DotaHeroes" */;
			buildPhases = (
				E3749DE136C433212A7CF3A7 /* [CP] Check Pods Manifest.lock */,
				3603F1FB246BC65800809B95 /* Sources */,
				3603F1FC246BC65800809B95 /* Frameworks */,
				3603F1FD246BC65800809B95 /* Resources */,
				C083FDD3F8DCCB8C5402B3E8 /* [CP] Embed Pods Frameworks */,
			);
			buildRules = (
			);
			dependencies = (
			);
			name = DotaHeroes;
			productName = DotaHeroes;
			productReference = 3603F1FF246BC65800809B95 /* DotaHeroes.app */;
			productType = "com.apple.product-type.application";
		};
		3603F214246BC65A00809B95 /* DotaHeroesTests */ = {
			isa = PBXNativeTarget;
			buildConfigurationList = 3603F221246BC65A00809B95 /* Build configuration list for PBXNativeTarget "DotaHeroesTests" */;
			buildPhases = (
				BD246B0698AC6B441B7E5A02 /* [CP] Check Pods Manifest.lock */,
				3603F211246BC65A00809B95 /* Sources */,
				3603F212246BC65A00809B95 /* Frameworks */,
				3603F213246BC65A00809B95 /* Resources */,
			);
			buildRules = (
			);
			dependencies = (
				3603F217246BC65A00809B95 /* PBXTargetDependency */,
			);
			name = DotaHeroesTests;
			productName = DotaHeroesTests;
			productReference = 3603F215246BC65A00809B95 /* DotaHeroesTests.xctest */;
			productType = "com.apple.product-type.bundle.unit-test";
		};
/* End PBXNativeTarget section */

/* Begin PBXProject section */
		3603F1F7246BC65800809B95 /* Project object */ = {
			isa = PBXProject;
			attributes = {
				LastSwiftUpdateCheck = 1120;
				LastUpgradeCheck = 1120;
				ORGANIZATIONNAME = "Ernest Sheridan";
				TargetAttributes = {
					3603F1FE246BC65800809B95 = {
						CreatedOnToolsVersion = 11.2.1;
					};
					3603F214246BC65A00809B95 = {
						CreatedOnToolsVersion = 11.2.1;
						TestTargetID = 3603F1FE246BC65800809B95;
					};
				};
			};
			buildConfigurationList = 3603F1FA246BC65800809B95 /* Build configuration list for PBXProject "DotaHeroes" */;
			compatibilityVersion = "Xcode 9.3";
			developmentRegion = en;
			hasScannedForEncodings = 0;
			knownRegions = (
				en,
				Base,
			);
			mainGroup = 3603F1F6246BC65800809B95;
			productRefGroup = 3603F200246BC65800809B95 /* Products */;
			projectDirPath = "";
			projectRoot = "";
			targets = (
				3603F1FE246BC65800809B95 /* DotaHeroes */,
				3603F214246BC65A00809B95 /* DotaHeroesTests */,
			);
		};
/* End PBXProject section */

/* Begin PBXResourcesBuildPhase section */
		3603F1FD246BC65800809B95 /* Resources */ = {
			isa = PBXResourcesBuildPhase;
			buildActionMask = 2147483647;
			files = (
				3641BC04246C27E500E20D24 /* FilterItemCell.xib in Resources */,
				3603F20F246BC65A00809B95 /* LaunchScreen.storyboard in Resources */,
				3641BC0B246C369A00E20D24 /* HeroesCollectionViewCell.xib in Resources */,
				3603F20C246BC65A00809B95 /* Assets.xcassets in Resources */,
				3641BC13246CEC7900E20D24 /* DetailViewController.storyboard in Resources */,
				3641BBFC246C1BA400E20D24 /* HomeViewController.storyboard in Resources */,
			);
			runOnlyForDeploymentPostprocessing = 0;
		};
		3603F213246BC65A00809B95 /* Resources */ = {
			isa = PBXResourcesBuildPhase;
			buildActionMask = 2147483647;
			files = (
			);
			runOnlyForDeploymentPostprocessing = 0;
		};
/* End PBXResourcesBuildPhase section */

/* Begin PBXShellScriptBuildPhase section */
		BD246B0698AC6B441B7E5A02 /* [CP] Check Pods Manifest.lock */ = {
			isa = PBXShellScriptBuildPhase;
			buildActionMask = 2147483647;
			files = (
			);
			inputFileListPaths = (
			);
			inputPaths = (
				"${PODS_PODFILE_DIR_PATH}/Podfile.lock",
				"${PODS_ROOT}/Manifest.lock",
			);
			name = "[CP] Check Pods Manifest.lock";
			outputFileListPaths = (
			);
			outputPaths = (
				"$(DERIVED_FILE_DIR)/Pods-DotaHeroesTests-checkManifestLockResult.txt",
			);
			runOnlyForDeploymentPostprocessing = 0;
			shellPath = /bin/sh;
			shellScript = "diff \"${PODS_PODFILE_DIR_PATH}/Podfile.lock\" \"${PODS_ROOT}/Manifest.lock\" > /dev/null\nif [ $? != 0 ] ; then\n    # print error to STDERR\n    echo \"error: The sandbox is not in sync with the Podfile.lock. Run 'pod install' or update your CocoaPods installation.\" >&2\n    exit 1\nfi\n# This output is used by Xcode 'outputs' to avoid re-running this script phase.\necho \"SUCCESS\" > \"${SCRIPT_OUTPUT_FILE_0}\"\n";
			showEnvVarsInLog = 0;
		};
		C083FDD3F8DCCB8C5402B3E8 /* [CP] Embed Pods Frameworks */ = {
			isa = PBXShellScriptBuildPhase;
			buildActionMask = 2147483647;
			files = (
			);
			inputFileListPaths = (
				"${PODS_ROOT}/Target Support Files/Pods-DotaHeroes/Pods-DotaHeroes-frameworks-${CONFIGURATION}-input-files.xcfilelist",
			);
			name = "[CP] Embed Pods Frameworks";
			outputFileListPaths = (
				"${PODS_ROOT}/Target Support Files/Pods-DotaHeroes/Pods-DotaHeroes-frameworks-${CONFIGURATION}-output-files.xcfilelist",
			);
			runOnlyForDeploymentPostprocessing = 0;
			shellPath = /bin/sh;
			shellScript = "\"${PODS_ROOT}/Target Support Files/Pods-DotaHeroes/Pods-DotaHeroes-frameworks.sh\"\n";
			showEnvVarsInLog = 0;
		};
		E3749DE136C433212A7CF3A7 /* [CP] Check Pods Manifest.lock */ = {
			isa = PBXShellScriptBuildPhase;
			buildActionMask = 2147483647;
			files = (
			);
			inputFileListPaths = (
			);
			inputPaths = (
				"${PODS_PODFILE_DIR_PATH}/Podfile.lock",
				"${PODS_ROOT}/Manifest.lock",
			);
			name = "[CP] Check Pods Manifest.lock";
			outputFileListPaths = (
			);
			outputPaths = (
				"$(DERIVED_FILE_DIR)/Pods-DotaHeroes-checkManifestLockResult.txt",
			);
			runOnlyForDeploymentPostprocessing = 0;
			shellPath = /bin/sh;
			shellScript = "diff \"${PODS_PODFILE_DIR_PATH}/Podfile.lock\" \"${PODS_ROOT}/Manifest.lock\" > /dev/null\nif [ $? != 0 ] ; then\n    # print error to STDERR\n    echo \"error: The sandbox is not in sync with the Podfile.lock. Run 'pod install' or update your CocoaPods installation.\" >&2\n    exit 1\nfi\n# This output is used by Xcode 'outputs' to avoid re-running this script phase.\necho \"SUCCESS\" > \"${SCRIPT_OUTPUT_FILE_0}\"\n";
			showEnvVarsInLog = 0;
		};
/* End PBXShellScriptBuildPhase section */

/* Begin PBXSourcesBuildPhase section */
		3603F1FB246BC65800809B95 /* Sources */ = {
			isa = PBXSourcesBuildPhase;
			buildActionMask = 2147483647;
			files = (
				3641BC0E246C466E00E20D24 /* UIView+Extensions.swift in Sources */,
				3641BC0A246C369A00E20D24 /* HeroesCollectionViewCell.swift in Sources */,
				3603F234246BC9C900809B95 /* DataSource.swift in Sources */,
				3641BC10246C4EE700E20D24 /* HeroesCollectionViewCellModel.swift in Sources */,
				3641BC21246D242800E20D24 /* HeroRealmModel.swift in Sources */,
				3641BBF9246C1A6500E20D24 /* HeroesCollectionView.swift in Sources */,
				3603F231246BC7BF00809B95 /* HomeViewModel.swift in Sources */,
				3641BBF5246C056100E20D24 /* Hero.swift in Sources */,
				3641BC1E246D23D200E20D24 /* HeroStatsRealmModel.swift in Sources */,
				3641BC15246CEC8700E20D24 /* DetailViewController.swift in Sources */,
				3641BC17246D08E700E20D24 /* DetailViewBuilder.swift in Sources */,
				3603F203246BC65800809B95 /* AppDelegate.swift in Sources */,
				3603F205246BC65800809B95 /* SceneDelegate.swift in Sources */,
				3641BC03246C27E500E20D24 /* FilterItemCell.swift in Sources */,
				3641BC19246D0F8E00E20D24 /* DetailViewModel.swift in Sources */,
				3641BBF1246BD1F700E20D24 /* OpenDotaProvider.swift in Sources */,
				3641BBFE246C1CCA00E20D24 /* HeroesCollectionViewModel.swift in Sources */,
				3641BC1C246D22A900E20D24 /* RealmInstance.swift in Sources */,
				3641BC06246C2A6600E20D24 /* FilterItemCellModel.swift in Sources */,
				3603F22A246BC6F400809B95 /* HomeViewController.swift in Sources */,
			);
			runOnlyForDeploymentPostprocessing = 0;
		};
		3603F211246BC65A00809B95 /* Sources */ = {
			isa = PBXSourcesBuildPhase;
			buildActionMask = 2147483647;
			files = (
				3603F21A246BC65A00809B95 /* DotaHeroesTests.swift in Sources */,
			);
			runOnlyForDeploymentPostprocessing = 0;
		};
/* End PBXSourcesBuildPhase section */

/* Begin PBXTargetDependency section */
		3603F217246BC65A00809B95 /* PBXTargetDependency */ = {
			isa = PBXTargetDependency;
			target = 3603F1FE246BC65800809B95 /* DotaHeroes */;
			targetProxy = 3603F216246BC65A00809B95 /* PBXContainerItemProxy */;
		};
/* End PBXTargetDependency section */

/* Begin PBXVariantGroup section */
		3603F20D246BC65A00809B95 /* LaunchScreen.storyboard */ = {
			isa = PBXVariantGroup;
			children = (
				3603F20E246BC65A00809B95 /* Base */,
			);
			name = LaunchScreen.storyboard;
			sourceTree = "<group>";
		};
/* End PBXVariantGroup section */

/* Begin XCBuildConfiguration section */
		3603F21C246BC65A00809B95 /* Debug */ = {
			isa = XCBuildConfiguration;
			buildSettings = {
				ALWAYS_SEARCH_USER_PATHS = NO;
				CLANG_ANALYZER_NONNULL = YES;
				CLANG_ANALYZER_NUMBER_OBJECT_CONVERSION = YES_AGGRESSIVE;
				CLANG_CXX_LANGUAGE_STANDARD = "gnu++14";
				CLANG_CXX_LIBRARY = "libc++";
				CLANG_ENABLE_MODULES = YES;
				CLANG_ENABLE_OBJC_ARC = YES;
				CLANG_ENABLE_OBJC_WEAK = YES;
				CLANG_WARN_BLOCK_CAPTURE_AUTORELEASING = YES;
				CLANG_WARN_BOOL_CONVERSION = YES;
				CLANG_WARN_COMMA = YES;
				CLANG_WARN_CONSTANT_CONVERSION = YES;
				CLANG_WARN_DEPRECATED_OBJC_IMPLEMENTATIONS = YES;
				CLANG_WARN_DIRECT_OBJC_ISA_USAGE = YES_ERROR;
				CLANG_WARN_DOCUMENTATION_COMMENTS = YES;
				CLANG_WARN_EMPTY_BODY = YES;
				CLANG_WARN_ENUM_CONVERSION = YES;
				CLANG_WARN_INFINITE_RECURSION = YES;
				CLANG_WARN_INT_CONVERSION = YES;
				CLANG_WARN_NON_LITERAL_NULL_CONVERSION = YES;
				CLANG_WARN_OBJC_IMPLICIT_RETAIN_SELF = YES;
				CLANG_WARN_OBJC_LITERAL_CONVERSION = YES;
				CLANG_WARN_OBJC_ROOT_CLASS = YES_ERROR;
				CLANG_WARN_RANGE_LOOP_ANALYSIS = YES;
				CLANG_WARN_STRICT_PROTOTYPES = YES;
				CLANG_WARN_SUSPICIOUS_MOVE = YES;
				CLANG_WARN_UNGUARDED_AVAILABILITY = YES_AGGRESSIVE;
				CLANG_WARN_UNREACHABLE_CODE = YES;
				CLANG_WARN__DUPLICATE_METHOD_MATCH = YES;
				COPY_PHASE_STRIP = NO;
				DEBUG_INFORMATION_FORMAT = dwarf;
				ENABLE_STRICT_OBJC_MSGSEND = YES;
				ENABLE_TESTABILITY = YES;
				GCC_C_LANGUAGE_STANDARD = gnu11;
				GCC_DYNAMIC_NO_PIC = NO;
				GCC_NO_COMMON_BLOCKS = YES;
				GCC_OPTIMIZATION_LEVEL = 0;
				GCC_PREPROCESSOR_DEFINITIONS = (
					"DEBUG=1",
					"$(inherited)",
				);
				GCC_WARN_64_TO_32_BIT_CONVERSION = YES;
				GCC_WARN_ABOUT_RETURN_TYPE = YES_ERROR;
				GCC_WARN_UNDECLARED_SELECTOR = YES;
				GCC_WARN_UNINITIALIZED_AUTOS = YES_AGGRESSIVE;
				GCC_WARN_UNUSED_FUNCTION = YES;
				GCC_WARN_UNUSED_VARIABLE = YES;
				IPHONEOS_DEPLOYMENT_TARGET = 13.2;
				MTL_ENABLE_DEBUG_INFO = INCLUDE_SOURCE;
				MTL_FAST_MATH = YES;
				ONLY_ACTIVE_ARCH = YES;
				SDKROOT = iphoneos;
				SWIFT_ACTIVE_COMPILATION_CONDITIONS = DEBUG;
				SWIFT_OPTIMIZATION_LEVEL = "-Onone";
			};
			name = Debug;
		};
		3603F21D246BC65A00809B95 /* Release */ = {
			isa = XCBuildConfiguration;
			buildSettings = {
				ALWAYS_SEARCH_USER_PATHS = NO;
				CLANG_ANALYZER_NONNULL = YES;
				CLANG_ANALYZER_NUMBER_OBJECT_CONVERSION = YES_AGGRESSIVE;
				CLANG_CXX_LANGUAGE_STANDARD = "gnu++14";
				CLANG_CXX_LIBRARY = "libc++";
				CLANG_ENABLE_MODULES = YES;
				CLANG_ENABLE_OBJC_ARC = YES;
				CLANG_ENABLE_OBJC_WEAK = YES;
				CLANG_WARN_BLOCK_CAPTURE_AUTORELEASING = YES;
				CLANG_WARN_BOOL_CONVERSION = YES;
				CLANG_WARN_COMMA = YES;
				CLANG_WARN_CONSTANT_CONVERSION = YES;
				CLANG_WARN_DEPRECATED_OBJC_IMPLEMENTATIONS = YES;
				CLANG_WARN_DIRECT_OBJC_ISA_USAGE = YES_ERROR;
				CLANG_WARN_DOCUMENTATION_COMMENTS = YES;
				CLANG_WARN_EMPTY_BODY = YES;
				CLANG_WARN_ENUM_CONVERSION = YES;
				CLANG_WARN_INFINITE_RECURSION = YES;
				CLANG_WARN_INT_CONVERSION = YES;
				CLANG_WARN_NON_LITERAL_NULL_CONVERSION = YES;
				CLANG_WARN_OBJC_IMPLICIT_RETAIN_SELF = YES;
				CLANG_WARN_OBJC_LITERAL_CONVERSION = YES;
				CLANG_WARN_OBJC_ROOT_CLASS = YES_ERROR;
				CLANG_WARN_RANGE_LOOP_ANALYSIS = YES;
				CLANG_WARN_STRICT_PROTOTYPES = YES;
				CLANG_WARN_SUSPICIOUS_MOVE = YES;
				CLANG_WARN_UNGUARDED_AVAILABILITY = YES_AGGRESSIVE;
				CLANG_WARN_UNREACHABLE_CODE = YES;
				CLANG_WARN__DUPLICATE_METHOD_MATCH = YES;
				COPY_PHASE_STRIP = NO;
				DEBUG_INFORMATION_FORMAT = "dwarf-with-dsym";
				ENABLE_NS_ASSERTIONS = NO;
				ENABLE_STRICT_OBJC_MSGSEND = YES;
				GCC_C_LANGUAGE_STANDARD = gnu11;
				GCC_NO_COMMON_BLOCKS = YES;
				GCC_WARN_64_TO_32_BIT_CONVERSION = YES;
				GCC_WARN_ABOUT_RETURN_TYPE = YES_ERROR;
				GCC_WARN_UNDECLARED_SELECTOR = YES;
				GCC_WARN_UNINITIALIZED_AUTOS = YES_AGGRESSIVE;
				GCC_WARN_UNUSED_FUNCTION = YES;
				GCC_WARN_UNUSED_VARIABLE = YES;
				IPHONEOS_DEPLOYMENT_TARGET = 13.2;
				MTL_ENABLE_DEBUG_INFO = NO;
				MTL_FAST_MATH = YES;
				SDKROOT = iphoneos;
				SWIFT_COMPILATION_MODE = wholemodule;
				SWIFT_OPTIMIZATION_LEVEL = "-O";
				VALIDATE_PRODUCT = YES;
			};
			name = Release;
		};
		3603F21F246BC65A00809B95 /* Debug */ = {
			isa = XCBuildConfiguration;
			baseConfigurationReference = 3B9C674A8990B5F484F39F50 /* Pods-DotaHeroes.debug.xcconfig */;
			buildSettings = {
				ASSETCATALOG_COMPILER_APPICON_NAME = AppIcon;
				CODE_SIGN_STYLE = Automatic;
				DEVELOPMENT_TEAM = 2G3EFV763L;
				INFOPLIST_FILE = DotaHeroes/Info.plist;
				IPHONEOS_DEPLOYMENT_TARGET = 13.0;
				LD_RUNPATH_SEARCH_PATHS = (
					"$(inherited)",
					"@executable_path/Frameworks",
				);
				PRODUCT_BUNDLE_IDENTIFIER = com.ernest.DotaHeroes;
				PRODUCT_NAME = "$(TARGET_NAME)";
				SWIFT_VERSION = 5.0;
				TARGETED_DEVICE_FAMILY = "1,2";
			};
			name = Debug;
		};
		3603F220246BC65A00809B95 /* Release */ = {
			isa = XCBuildConfiguration;
			baseConfigurationReference = 44CA5D2C8E7E50CBF32340BC /* Pods-DotaHeroes.release.xcconfig */;
			buildSettings = {
				ASSETCATALOG_COMPILER_APPICON_NAME = AppIcon;
				CODE_SIGN_STYLE = Automatic;
				DEVELOPMENT_TEAM = 2G3EFV763L;
				INFOPLIST_FILE = DotaHeroes/Info.plist;
				IPHONEOS_DEPLOYMENT_TARGET = 13.0;
				LD_RUNPATH_SEARCH_PATHS = (
					"$(inherited)",
					"@executable_path/Frameworks",
				);
				PRODUCT_BUNDLE_IDENTIFIER = com.ernest.DotaHeroes;
				PRODUCT_NAME = "$(TARGET_NAME)";
				SWIFT_VERSION = 5.0;
				TARGETED_DEVICE_FAMILY = "1,2";
			};
			name = Release;
		};
		3603F222246BC65A00809B95 /* Debug */ = {
			isa = XCBuildConfiguration;
			baseConfigurationReference = F631B31F8A99FC14903D53BD /* Pods-DotaHeroesTests.debug.xcconfig */;
			buildSettings = {
				ALWAYS_EMBED_SWIFT_STANDARD_LIBRARIES = YES;
				BUNDLE_LOADER = "$(TEST_HOST)";
				CODE_SIGN_STYLE = Automatic;
				DEVELOPMENT_TEAM = 2G3EFV763L;
				INFOPLIST_FILE = DotaHeroesTests/Info.plist;
				IPHONEOS_DEPLOYMENT_TARGET = 13.2;
				LD_RUNPATH_SEARCH_PATHS = (
					"$(inherited)",
					"@executable_path/Frameworks",
					"@loader_path/Frameworks",
				);
				PRODUCT_BUNDLE_IDENTIFIER = com.ernest.DotaHeroesTests;
				PRODUCT_NAME = "$(TARGET_NAME)";
				SWIFT_VERSION = 5.0;
				TARGETED_DEVICE_FAMILY = "1,2";
				TEST_HOST = "$(BUILT_PRODUCTS_DIR)/DotaHeroes.app/DotaHeroes";
			};
			name = Debug;
		};
		3603F223246BC65A00809B95 /* Release */ = {
			isa = XCBuildConfiguration;
			baseConfigurationReference = 9DEEC2330CF3E752B5D8BD23 /* Pods-DotaHeroesTests.release.xcconfig */;
			buildSettings = {
				ALWAYS_EMBED_SWIFT_STANDARD_LIBRARIES = YES;
				BUNDLE_LOADER = "$(TEST_HOST)";
				CODE_SIGN_STYLE = Automatic;
				DEVELOPMENT_TEAM = 2G3EFV763L;
				INFOPLIST_FILE = DotaHeroesTests/Info.plist;
				IPHONEOS_DEPLOYMENT_TARGET = 13.2;
				LD_RUNPATH_SEARCH_PATHS = (
					"$(inherited)",
					"@executable_path/Frameworks",
					"@loader_path/Frameworks",
				);
				PRODUCT_BUNDLE_IDENTIFIER = com.ernest.DotaHeroesTests;
				PRODUCT_NAME = "$(TARGET_NAME)";
				SWIFT_VERSION = 5.0;
				TARGETED_DEVICE_FAMILY = "1,2";
				TEST_HOST = "$(BUILT_PRODUCTS_DIR)/DotaHeroes.app/DotaHeroes";
			};
			name = Release;
		};
/* End XCBuildConfiguration section */

/* Begin XCConfigurationList section */
		3603F1FA246BC65800809B95 /* Build configuration list for PBXProject "DotaHeroes" */ = {
			isa = XCConfigurationList;
			buildConfigurations = (
				3603F21C246BC65A00809B95 /* Debug */,
				3603F21D246BC65A00809B95 /* Release */,
			);
			defaultConfigurationIsVisible = 0;
			defaultConfigurationName = Release;
		};
		3603F21E246BC65A00809B95 /* Build configuration list for PBXNativeTarget "DotaHeroes" */ = {
			isa = XCConfigurationList;
			buildConfigurations = (
				3603F21F246BC65A00809B95 /* Debug */,
				3603F220246BC65A00809B95 /* Release */,
			);
			defaultConfigurationIsVisible = 0;
			defaultConfigurationName = Release;
		};
		3603F221246BC65A00809B95 /* Build configuration list for PBXNativeTarget "DotaHeroesTests" */ = {
			isa = XCConfigurationList;
			buildConfigurations = (
				3603F222246BC65A00809B95 /* Debug */,
				3603F223246BC65A00809B95 /* Release */,
			);
			defaultConfigurationIsVisible = 0;
			defaultConfigurationName = Release;
		};
/* End XCConfigurationList section */
	};
	rootObject = 3603F1F7246BC65800809B95 /* Project object */;
}
